{
  "name": "zhongnan_armed",
  "version": "1.0.0",
  "lockfileVersion": 2,
  "requires": true,
  "packages": {
    "": {
      "name": "zhongnan_armed",
      "version": "1.0.0",
      "license": "ISC",
      "dependencies": {
        "@vant/weapp": "^1.6.8",
        "wx-signature": "^1.0.4"
      }
    },
    "node_modules/@vant/weapp": {
      "version": "1.6.8",
      "resolved": "https://registry.npmjs.org/@vant/weapp/-/weapp-1.6.8.tgz",
      "integrity": "sha512-CvRgAZdGUtJKEnd2wmjw3oaRYXBq/YqerFTmf19cTd3G9+vRR67nSXPMUNQEoPPSm7LZo6gF6Xk/5pYx4Q4C0Q=="
    },
    "node_modules/wx-signature": {
      "version": "1.0.4",
      "resolved": "https://registry.npmmirror.com/wx-signature/-/wx-signature-1.0.4.tgz",
      "integrity": "sha512-0DLyHwcaYQfxeEIXL0FjjGNDY48w017aTEc0lZwlnGcJNGMxTgBdDg47uVxmO6obDI6UFTDs2wBhkV147uYGPg=="
    }
  },
  "dependencies": {
    "@vant/weapp": {
      "version": "1.6.8",
      "resolved": "https://registry.npmjs.org/@vant/weapp/-/weapp-1.6.8.tgz",
      "integrity": "sha512-CvRgAZdGUtJKEnd2wmjw3oaRYXBq/YqerFTmf19cTd3G9+vRR67nSXPMUNQEoPPSm7LZo6gF6Xk/5pYx4Q4C0Q=="
    },
    "wx-signature": {
      "version": "1.0.4",
      "resolved": "https://registry.npmmirror.com/wx-signature/-/wx-signature-1.0.4.tgz",
      "integrity": "sha512-0DLyHwcaYQfxeEIXL0FjjGNDY48w017aTEc0lZwlnGcJNGMxTgBdDg47uVxmO6obDI6UFTDs2wBhkV147uYGPg=="
    }
  }
}
